
Microsoft Visual Studio Solution File, Format Version 12.00
# Visual Studio Version 17
VisualStudioVersion = 17.4.33403.182
MinimumVisualStudioVersion = 10.0.40219.1
Project("{FAE04EC0-301F-11D3-BF4B-00C04F79EFBC}") = "tarefaproposta", "tarefaproposta\tarefaproposta.csproj", "{5BFCDDD8-BC93-4CF4-8FDC-67E774022D62}"
EndProject
Global
	GlobalSection(SolutionConfigurationPlatforms) = preSolution
		Debug|Any CPU = Debug|Any CPU
		Release|Any CPU = Release|Any CPU
	EndGlobalSection
	GlobalSection(ProjectConfigurationPlatforms) = postSolution
		{5BFCDDD8-BC93-4CF4-8FDC-67E774022D62}.Debug|Any CPU.ActiveCfg = Debug|Any CPU
		{5BFCDDD8-BC93-4CF4-8FDC-67E774022D62}.Debug|Any CPU.Build.0 = Debug|Any CPU
		{5BFCDDD8-BC93-4CF4-8FDC-67E774022D62}.Release|Any CPU.ActiveCfg = Release|Any CPU
		{5BFCDDD8-BC93-4CF4-8FDC-67E774022D62}.Release|Any CPU.Build.0 = Release|Any CPU
	EndGlobalSection
	GlobalSection(SolutionProperties) = preSolution
		HideSolutionNode = FALSE
	EndGlobalSection
	GlobalSection(ExtensibilityGlobals) = postSolution
		SolutionGuid = {1799C3CD-665B-4481-997D-C98EF28FE8F0}
	EndGlobalSection
EndGlobal
